
Microsoft Visual Studio Solution File, Format Version 12.00
# Visual Studio Version 17
VisualStudioVersion = 17.7.34031.279
MinimumVisualStudioVersion = 10.0.40219.1
Project("{FAE04EC0-301F-11D3-BF4B-00C04F79EFBC}") = "RazorPagesMovie", "RazorPagesMovie\RazorPagesMovie.csproj", "{B7A01350-D55F-463F-A784-6A1D28EC42D5}"
EndProject
Global
	GlobalSection(SolutionConfigurationPlatforms) = preSolution
		Debug|Any CPU = Debug|Any CPU
		Release|Any CPU = Release|Any CPU
	EndGlobalSection
	GlobalSection(ProjectConfigurationPlatforms) = postSolution
		{B7A01350-D55F-463F-A784-6A1D28EC42D5}.Debug|Any CPU.ActiveCfg = Debug|Any CPU
		{B7A01350-D55F-463F-A784-6A1D28EC42D5}.Debug|Any CPU.Build.0 = Debug|Any CPU
		{B7A01350-D55F-463F-A784-6A1D28EC42D5}.Release|Any CPU.ActiveCfg = Release|Any CPU
		{B7A01350-D55F-463F-A784-6A1D28EC42D5}.Release|Any CPU.Build.0 = Release|Any CPU
	EndGlobalSection
	GlobalSection(SolutionProperties) = preSolution
		HideSolutionNode = FALSE
	EndGlobalSection
	GlobalSection(ExtensibilityGlobals) = postSolution
		SolutionGuid = {80DC3CF3-7A06-40C4-B165-08A1B38F1B11}
	EndGlobalSection
EndGlobal
